
Microsoft Visual Studio Solution File, Format Version 12.00
# Visual Studio Version 17
VisualStudioVersion = 17.3.32929.385
MinimumVisualStudioVersion = 10.0.40219.1
Project("{FAE04EC0-301F-11D3-BF4B-00C04F79EFBC}") = "THA_W12_Calvin_T", "THA_W12_Calvin_T\THA_W12_Calvin_T.csproj", "{901CE394-6063-4343-943A-B7DF4D85CB9B}"
EndProject
Global
	GlobalSection(SolutionConfigurationPlatforms) = preSolution
		Debug|Any CPU = Debug|Any CPU
		Release|Any CPU = Release|Any CPU
	EndGlobalSection
	GlobalSection(ProjectConfigurationPlatforms) = postSolution
		{901CE394-6063-4343-943A-B7DF4D85CB9B}.Debug|Any CPU.ActiveCfg = Debug|Any CPU
		{901CE394-6063-4343-943A-B7DF4D85CB9B}.Debug|Any CPU.Build.0 = Debug|Any CPU
		{901CE394-6063-4343-943A-B7DF4D85CB9B}.Release|Any CPU.ActiveCfg = Release|Any CPU
		{901CE394-6063-4343-943A-B7DF4D85CB9B}.Release|Any CPU.Build.0 = Release|Any CPU
	EndGlobalSection
	GlobalSection(SolutionProperties) = preSolution
		HideSolutionNode = FALSE
	EndGlobalSection
	GlobalSection(ExtensibilityGlobals) = postSolution
		SolutionGuid = {2EA79262-5299-495B-9096-DC2516EE1E09}
	EndGlobalSection
EndGlobal
